// !$*UTF8*$!
{
	archiveVersion = 1;
	classes = {
	};
	objectVersion = 52;
	objects = {

/* Begin PBXBuildFile section */
		3DB81F9523BC01D200853EA4 /* AppDelegate.swift in Sources */ = {isa = PBXBuildFile; fileRef = 3DB81F9423BC01D200853EA4 /* AppDelegate.swift */; };
		3DB81F9723BC01D200853EA4 /* SceneDelegate.swift in Sources */ = {isa = PBXBuildFile; fileRef = 3DB81F9623BC01D200853EA4 /* SceneDelegate.swift */; };
		3DB81F9923BC01D200853EA4 /* ViewController.swift in Sources */ = {isa = PBXBuildFile; fileRef = 3DB81F9823BC01D200853EA4 /* ViewController.swift */; };
		3DB81F9C23BC01D200853EA4 /* Main.storyboard in Resources */ = {isa = PBXBuildFile; fileRef = 3DB81F9A23BC01D200853EA4 /* Main.storyboard */; };
		3DB81F9E23BC01D400853EA4 /* Assets.xcassets in Resources */ = {isa = PBXBuildFile; fileRef = 3DB81F9D23BC01D400853EA4 /* Assets.xcassets */; };
		3DB81FA123BC01D400853EA4 /* LaunchScreen.storyboard in Resources */ = {isa = PBXBuildFile; fileRef = 3DB81F9F23BC01D400853EA4 /* LaunchScreen.storyboard */; };
		3DB81FAA23BC02A500853EA4 /* Alamofire in Frameworks */ = {isa = PBXBuildFile; productRef = 3DB81FA923BC02A500853EA4 /* Alamofire */; };
		3DB81FAD23BC031C00853EA4 /* DownloadManger.swift in Sources */ = {isa = PBXBuildFile; fileRef = 3DB81FAC23BC031C00853EA4 /* DownloadManger.swift */; };
		3DB81FB423BC041000853EA4 /* Download.xcdatamodeld in Sources */ = {isa = PBXBuildFile; fileRef = 3DB81FB223BC041000853EA4 /* Download.xcdatamodeld */; };
		3DB81FB723BC04AB00853EA4 /* Constants.swift in Sources */ = {isa = PBXBuildFile; fileRef = 3DB81FB623BC04AB00853EA4 /* Constants.swift */; };
		3DB81FBA23BC04FC00853EA4 /* String+Extensions.swift in Sources */ = {isa = PBXBuildFile; fileRef = 3DB81FB923BC04FC00853EA4 /* String+Extensions.swift */; };
		3DB81FBC23BC057400853EA4 /* URL+Extensions.swift in Sources */ = {isa = PBXBuildFile; fileRef = 3DB81FBB23BC057400853EA4 /* URL+Extensions.swift */; };
		3DB81FBE23BC05CA00853EA4 /* PDFDocument+Extensions.swift in Sources */ = {isa = PBXBuildFile; fileRef = 3DB81FBD23BC05CA00853EA4 /* PDFDocument+Extensions.swift */; };
		3DB81FC023BC060700853EA4 /* UInt64+Extensions.swift in Sources */ = {isa = PBXBuildFile; fileRef = 3DB81FBF23BC060700853EA4 /* UInt64+Extensions.swift */; };
		3DB81FC323BC076800853EA4 /* AVURLAsset+Extensions.swift in Sources */ = {isa = PBXBuildFile; fileRef = 3DB81FC223BC076800853EA4 /* AVURLAsset+Extensions.swift */; };
		3DB81FC723BC0A6A00853EA4 /* DownloadItemCell.swift in Sources */ = {isa = PBXBuildFile; fileRef = 3DB81FC623BC0A6A00853EA4 /* DownloadItemCell.swift */; };
		3DB81FC923BC0A9D00853EA4 /* UIView+Extensions.swift in Sources */ = {isa = PBXBuildFile; fileRef = 3DB81FC823BC0A9D00853EA4 /* UIView+Extensions.swift */; };
		3DB81FCC23BC0BE400853EA4 /* SDWebImage in Frameworks */ = {isa = PBXBuildFile; productRef = 3DB81FCB23BC0BE400853EA4 /* SDWebImage */; };
		3DB81FCE23BC0C3B00853EA4 /* Date+Extensions.swift in Sources */ = {isa = PBXBuildFile; fileRef = 3DB81FCD23BC0C3B00853EA4 /* Date+Extensions.swift */; };
/* End PBXBuildFile section */

/* Begin PBXFileReference section */
		3DB81F9123BC01D200853EA4 /* Download App.app */ = {isa = PBXFileReference; explicitFileType = wrapper.application; includeInIndex = 0; path = "Download App.app"; sourceTree = BUILT_PRODUCTS_DIR; };
		3DB81F9423BC01D200853EA4 /* AppDelegate.swift */ = {isa = PBXFileReference; lastKnownFileType = sourcecode.swift; path = AppDelegate.swift; sourceTree = "<group>"; };
		3DB81F9623BC01D200853EA4 /* SceneDelegate.swift */ = {isa = PBXFileReference; lastKnownFileType = sourcecode.swift; path = SceneDelegate.swift; sourceTree = "<group>"; };
		3DB81F9823BC01D200853EA4 /* ViewController.swift */ = {isa = PBXFileReference; lastKnownFileType = sourcecode.swift; path = ViewController.swift; sourceTree = "<group>"; };
		3DB81F9B23BC01D200853EA4 /* Base */ = {isa = PBXFileReference; lastKnownFileType = file.storyboard; name = Base; path = Base.lproj/Main.storyboard; sourceTree = "<group>"; };
		3DB81F9D23BC01D400853EA4 /* Assets.xcassets */ = {isa = PBXFileReference; lastKnownFileType = folder.assetcatalog; path = Assets.xcassets; sourceTree = "<group>"; };
		3DB81FA023BC01D400853EA4 /* Base */ = {isa = PBXFileReference; lastKnownFileType = file.storyboard; name = Base; path = Base.lproj/LaunchScreen.storyboard; sourceTree = "<group>"; };
		3DB81FA223BC01D400853EA4 /* Info.plist */ = {isa = PBXFileReference; lastKnownFileType = text.plist.xml; path = Info.plist; sourceTree = "<group>"; };
		3DB81FAC23BC031C00853EA4 /* DownloadManger.swift */ = {isa = PBXFileReference; lastKnownFileType = sourcecode.swift; path = DownloadManger.swift; sourceTree = "<group>"; };
		3DB81FB323BC041000853EA4 /* Download.xcdatamodel */ = {isa = PBXFileReference; lastKnownFileType = wrapper.xcdatamodel; path = Download.xcdatamodel; sourceTree = "<group>"; };
		3DB81FB623BC04AB00853EA4 /* Constants.swift */ = {isa = PBXFileReference; lastKnownFileType = sourcecode.swift; path = Constants.swift; sourceTree = "<group>"; };
		3DB81FB923BC04FC00853EA4 /* String+Extensions.swift */ = {isa = PBXFileReference; lastKnownFileType = sourcecode.swift; path = "String+Extensions.swift"; sourceTree = "<group>"; };
		3DB81FBB23BC057400853EA4 /* URL+Extensions.swift */ = {isa = PBXFileReference; lastKnownFileType = sourcecode.swift; path = "URL+Extensions.swift"; sourceTree = "<group>"; };
		3DB81FBD23BC05CA00853EA4 /* PDFDocument+Extensions.swift */ = {isa = PBXFileReference; lastKnownFileType = sourcecode.swift; path = "PDFDocument+Extensions.swift"; sourceTree = "<group>"; };
		3DB81FBF23BC060700853EA4 /* UInt64+Extensions.swift */ = {isa = PBXFileReference; lastKnownFileType = sourcecode.swift; path = "UInt64+Extensions.swift"; sourceTree = "<group>"; };
		3DB81FC223BC076800853EA4 /* AVURLAsset+Extensions.swift */ = {isa = PBXFileReference; lastKnownFileType = sourcecode.swift; path = "AVURLAsset+Extensions.swift"; sourceTree = "<group>"; };
		3DB81FC623BC0A6A00853EA4 /* DownloadItemCell.swift */ = {isa = PBXFileReference; lastKnownFileType = sourcecode.swift; path = DownloadItemCell.swift; sourceTree = "<group>"; };
		3DB81FC823BC0A9D00853EA4 /* UIView+Extensions.swift */ = {isa = PBXFileReference; lastKnownFileType = sourcecode.swift; path = "UIView+Extensions.swift"; sourceTree = "<group>"; };
		3DB81FCD23BC0C3B00853EA4 /* Date+Extensions.swift */ = {isa = PBXFileReference; lastKnownFileType = sourcecode.swift; path = "Date+Extensions.swift"; sourceTree = "<group>"; };
/* End PBXFileReference section */

/* Begin PBXFrameworksBuildPhase section */
		3DB81F8E23BC01D200853EA4 /* Frameworks */ = {
			isa = PBXFrameworksBuildPhase;
			buildActionMask = 2147483647;
			files = (
				3DB81FCC23BC0BE400853EA4 /* SDWebImage in Frameworks */,
				3DB81FAA23BC02A500853EA4 /* Alamofire in Frameworks */,
			);
			runOnlyForDeploymentPostprocessing = 0;
		};
/* End PBXFrameworksBuildPhase section */

/* Begin PBXGroup section */
		3DB81F8823BC01D200853EA4 = {
			isa = PBXGroup;
			children = (
				3DB81F9323BC01D200853EA4 /* Download App */,
				3DB81F9223BC01D200853EA4 /* Products */,
			);
			sourceTree = "<group>";
		};
		3DB81F9223BC01D200853EA4 /* Products */ = {
			isa = PBXGroup;
			children = (
				3DB81F9123BC01D200853EA4 /* Download App.app */,
			);
			name = Products;
			sourceTree = "<group>";
		};
		3DB81F9323BC01D200853EA4 /* Download App */ = {
			isa = PBXGroup;
			children = (
				3DB81FA223BC01D400853EA4 /* Info.plist */,
				3DB81FAE23BC032000853EA4 /* App */,
				3DB81FB523BC04A200853EA4 /* Helper */,
				3DB81FC423BC0A3800853EA4 /* Views */,
				3DB81FB123BC03D200853EA4 /* CoreData */,
				3DB81FAB23BC030F00853EA4 /* DownloadManger */,
				3DB81FAF23BC032D00853EA4 /* ViewsControllers */,
				3DB81FB023BC033C00853EA4 /* Assets */,
			);
			path = "Download App";
			sourceTree = "<group>";
		};
		3DB81FAB23BC030F00853EA4 /* DownloadManger */ = {
			isa = PBXGroup;
			children = (
				3DB81FAC23BC031C00853EA4 /* DownloadManger.swift */,
			);
			path = DownloadManger;
			sourceTree = "<group>";
		};
		3DB81FAE23BC032000853EA4 /* App */ = {
			isa = PBXGroup;
			children = (
				3DB81F9423BC01D200853EA4 /* AppDelegate.swift */,
				3DB81F9623BC01D200853EA4 /* SceneDelegate.swift */,
			);
			path = App;
			sourceTree = "<group>";
		};
		3DB81FAF23BC032D00853EA4 /* ViewsControllers */ = {
			isa = PBXGroup;
			children = (
				3DB81F9823BC01D200853EA4 /* ViewController.swift */,
			);
			path = ViewsControllers;
			sourceTree = "<group>";
		};
		3DB81FB023BC033C00853EA4 /* Assets */ = {
			isa = PBXGroup;
			children = (
				3DB81F9A23BC01D200853EA4 /* Main.storyboard */,
				3DB81F9D23BC01D400853EA4 /* Assets.xcassets */,
				3DB81F9F23BC01D400853EA4 /* LaunchScreen.storyboard */,
			);
			path = Assets;
			sourceTree = "<group>";
		};
		3DB81FB123BC03D200853EA4 /* CoreData */ = {
			isa = PBXGroup;
			children = (
				3DB81FB223BC041000853EA4 /* Download.xcdatamodeld */,
			);
			path = CoreData;
			sourceTree = "<group>";
		};
		3DB81FB523BC04A200853EA4 /* Helper */ = {
			isa = PBXGroup;
			children = (
				3DB81FB823BC04E600853EA4 /* Extensions */,
				3DB81FB623BC04AB00853EA4 /* Constants.swift */,
			);
			path = Helper;
			sourceTree = "<group>";
		};
		3DB81FB823BC04E600853EA4 /* Extensions */ = {
			isa = PBXGroup;
			children = (
				3DB81FB923BC04FC00853EA4 /* String+Extensions.swift */,
				3DB81FBB23BC057400853EA4 /* URL+Extensions.swift */,
				3DB81FBD23BC05CA00853EA4 /* PDFDocument+Extensions.swift */,
				3DB81FBF23BC060700853EA4 /* UInt64+Extensions.swift */,
				3DB81FC223BC076800853EA4 /* AVURLAsset+Extensions.swift */,
				3DB81FC823BC0A9D00853EA4 /* UIView+Extensions.swift */,
				3DB81FCD23BC0C3B00853EA4 /* Date+Extensions.swift */,
			);
			path = Extensions;
			sourceTree = "<group>";
		};
		3DB81FC423BC0A3800853EA4 /* Views */ = {
			isa = PBXGroup;
			children = (
				3DB81FC523BC0A3F00853EA4 /* Cells */,
			);
			path = Views;
			sourceTree = "<group>";
		};
		3DB81FC523BC0A3F00853EA4 /* Cells */ = {
			isa = PBXGroup;
			children = (
				3DB81FC623BC0A6A00853EA4 /* DownloadItemCell.swift */,
			);
			path = Cells;
			sourceTree = "<group>";
		};
/* End PBXGroup section */

/* Begin PBXNativeTarget section */
		3DB81F9023BC01D200853EA4 /* Download App */ = {
			isa = PBXNativeTarget;
			buildConfigurationList = 3DB81FA523BC01D400853EA4 /* Build configuration list for PBXNativeTarget "Download App" */;
			buildPhases = (
				3DB81F8D23BC01D200853EA4 /* Sources */,
				3DB81F8E23BC01D200853EA4 /* Frameworks */,
				3DB81F8F23BC01D200853EA4 /* Resources */,
			);
			buildRules = (
			);
			dependencies = (
			);
			name = "Download App";
			packageProductDependencies = (
				3DB81FA923BC02A500853EA4 /* Alamofire */,
				3DB81FCB23BC0BE400853EA4 /* SDWebImage */,
			);
			productName = "Download App";
			productReference = 3DB81F9123BC01D200853EA4 /* Download App.app */;
			productType = "com.apple.product-type.application";
		};
/* End PBXNativeTarget section */

/* Begin PBXProject section */
		3DB81F8923BC01D200853EA4 /* Project object */ = {
			isa = PBXProject;
			attributes = {
				LastSwiftUpdateCheck = 1130;
				LastUpgradeCheck = 1130;
				ORGANIZATIONNAME = "Salah Amassi";
				TargetAttributes = {
					3DB81F9023BC01D200853EA4 = {
						CreatedOnToolsVersion = 11.3;
					};
				};
			};
			buildConfigurationList = 3DB81F8C23BC01D200853EA4 /* Build configuration list for PBXProject "Download App" */;
			compatibilityVersion = "Xcode 9.3";
			developmentRegion = en;
			hasScannedForEncodings = 0;
			knownRegions = (
				en,
				Base,
			);
			mainGroup = 3DB81F8823BC01D200853EA4;
			packageReferences = (
				3DB81FA823BC02A500853EA4 /* XCRemoteSwiftPackageReference "Alamofire" */,
				3DB81FCA23BC0BE400853EA4 /* XCRemoteSwiftPackageReference "SDWebImage" */,
			);
			productRefGroup = 3DB81F9223BC01D200853EA4 /* Products */;
			projectDirPath = "";
			projectRoot = "";
			targets = (
				3DB81F9023BC01D200853EA4 /* Download App */,
			);
		};
/* End PBXProject section */

/* Begin PBXResourcesBuildPhase section */
		3DB81F8F23BC01D200853EA4 /* Resources */ = {
			isa = PBXResourcesBuildPhase;
			buildActionMask = 2147483647;
			files = (
				3DB81FA123BC01D400853EA4 /* LaunchScreen.storyboard in Resources */,
				3DB81F9E23BC01D400853EA4 /* Assets.xcassets in Resources */,
				3DB81F9C23BC01D200853EA4 /* Main.storyboard in Resources */,
			);
			runOnlyForDeploymentPostprocessing = 0;
		};
/* End PBXResourcesBuildPhase section */

/* Begin PBXSourcesBuildPhase section */
		3DB81F8D23BC01D200853EA4 /* Sources */ = {
			isa = PBXSourcesBuildPhase;
			buildActionMask = 2147483647;
			files = (
				3DB81FBA23BC04FC00853EA4 /* String+Extensions.swift in Sources */,
				3DB81FC023BC060700853EA4 /* UInt64+Extensions.swift in Sources */,
				3DB81F9923BC01D200853EA4 /* ViewController.swift in Sources */,
				3DB81FAD23BC031C00853EA4 /* DownloadManger.swift in Sources */,
				3DB81FC723BC0A6A00853EA4 /* DownloadItemCell.swift in Sources */,
				3DB81FC923BC0A9D00853EA4 /* UIView+Extensions.swift in Sources */,
				3DB81F9523BC01D200853EA4 /* AppDelegate.swift in Sources */,
				3DB81FBE23BC05CA00853EA4 /* PDFDocument+Extensions.swift in Sources */,
				3DB81F9723BC01D200853EA4 /* SceneDelegate.swift in Sources */,
				3DB81FCE23BC0C3B00853EA4 /* Date+Extensions.swift in Sources */,
				3DB81FC323BC076800853EA4 /* AVURLAsset+Extensions.swift in Sources */,
				3DB81FBC23BC057400853EA4 /* URL+Extensions.swift in Sources */,
				3DB81FB423BC041000853EA4 /* Download.xcdatamodeld in Sources */,
				3DB81FB723BC04AB00853EA4 /* Constants.swift in Sources */,
			);
			runOnlyForDeploymentPostprocessing = 0;
		};
/* End PBXSourcesBuildPhase section */

/* Begin PBXVariantGroup section */
		3DB81F9A23BC01D200853EA4 /* Main.storyboard */ = {
			isa = PBXVariantGroup;
			children = (
				3DB81F9B23BC01D200853EA4 /* Base */,
			);
			name = Main.storyboard;
			sourceTree = "<group>";
		};
		3DB81F9F23BC01D400853EA4 /* LaunchScreen.storyboard */ = {
			isa = PBXVariantGroup;
			children = (
				3DB81FA023BC01D400853EA4 /* Base */,
			);
			name = LaunchScreen.storyboard;
			sourceTree = "<group>";
		};
/* End PBXVariantGroup section */

/* Begin XCBuildConfiguration section */
		3DB81FA323BC01D400853EA4 /* Debug */ = {
			isa = XCBuildConfiguration;
			buildSettings = {
				ALWAYS_SEARCH_USER_PATHS = NO;
				CLANG_ANALYZER_NONNULL = YES;
				CLANG_ANALYZER_NUMBER_OBJECT_CONVERSION = YES_AGGRESSIVE;
				CLANG_CXX_LANGUAGE_STANDARD = "gnu++14";
				CLANG_CXX_LIBRARY = "libc++";
				CLANG_ENABLE_MODULES = YES;
				CLANG_ENABLE_OBJC_ARC = YES;
				CLANG_ENABLE_OBJC_WEAK = YES;
				CLANG_WARN_BLOCK_CAPTURE_AUTORELEASING = YES;
				CLANG_WARN_BOOL_CONVERSION = YES;
				CLANG_WARN_COMMA = YES;
				CLANG_WARN_CONSTANT_CONVERSION = YES;
				CLANG_WARN_DEPRECATED_OBJC_IMPLEMENTATIONS = YES;
				CLANG_WARN_DIRECT_OBJC_ISA_USAGE = YES_ERROR;
				CLANG_WARN_DOCUMENTATION_COMMENTS = YES;
				CLANG_WARN_EMPTY_BODY = YES;
				CLANG_WARN_ENUM_CONVERSION = YES;
				CLANG_WARN_INFINITE_RECURSION = YES;
				CLANG_WARN_INT_CONVERSION = YES;
				CLANG_WARN_NON_LITERAL_NULL_CONVERSION = YES;
				CLANG_WARN_OBJC_IMPLICIT_RETAIN_SELF = YES;
				CLANG_WARN_OBJC_LITERAL_CONVERSION = YES;
				CLANG_WARN_OBJC_ROOT_CLASS = YES_ERROR;
				CLANG_WARN_RANGE_LOOP_ANALYSIS = YES;
				CLANG_WARN_STRICT_PROTOTYPES = YES;
				CLANG_WARN_SUSPICIOUS_MOVE = YES;
				CLANG_WARN_UNGUARDED_AVAILABILITY = YES_AGGRESSIVE;
				CLANG_WARN_UNREACHABLE_CODE = YES;
				CLANG_WARN__DUPLICATE_METHOD_MATCH = YES;
				COPY_PHASE_STRIP = NO;
				DEBUG_INFORMATION_FORMAT = dwarf;
				ENABLE_STRICT_OBJC_MSGSEND = YES;
				ENABLE_TESTABILITY = YES;
				GCC_C_LANGUAGE_STANDARD = gnu11;
				GCC_DYNAMIC_NO_PIC = NO;
				GCC_NO_COMMON_BLOCKS = YES;
				GCC_OPTIMIZATION_LEVEL = 0;
				GCC_PREPROCESSOR_DEFINITIONS = (
					"DEBUG=1",
					"$(inherited)",
				);
				GCC_WARN_64_TO_32_BIT_CONVERSION = YES;
				GCC_WARN_ABOUT_RETURN_TYPE = YES_ERROR;
				GCC_WARN_UNDECLARED_SELECTOR = YES;
				GCC_WARN_UNINITIALIZED_AUTOS = YES_AGGRESSIVE;
				GCC_WARN_UNUSED_FUNCTION = YES;
				GCC_WARN_UNUSED_VARIABLE = YES;
				IPHONEOS_DEPLOYMENT_TARGET = 13.2;
				MTL_ENABLE_DEBUG_INFO = INCLUDE_SOURCE;
				MTL_FAST_MATH = YES;
				ONLY_ACTIVE_ARCH = YES;
				SDKROOT = iphoneos;
				SWIFT_ACTIVE_COMPILATION_CONDITIONS = DEBUG;
				SWIFT_OPTIMIZATION_LEVEL = "-Onone";
			};
			name = Debug;
		};
		3DB81FA423BC01D400853EA4 /* Release */ = {
			isa = XCBuildConfiguration;
			buildSettings = {
				ALWAYS_SEARCH_USER_PATHS = NO;
				CLANG_ANALYZER_NONNULL = YES;
				CLANG_ANALYZER_NUMBER_OBJECT_CONVERSION = YES_AGGRESSIVE;
				CLANG_CXX_LANGUAGE_STANDARD = "gnu++14";
				CLANG_CXX_LIBRARY = "libc++";
				CLANG_ENABLE_MODULES = YES;
				CLANG_ENABLE_OBJC_ARC = YES;
				CLANG_ENABLE_OBJC_WEAK = YES;
				CLANG_WARN_BLOCK_CAPTURE_AUTORELEASING = YES;
				CLANG_WARN_BOOL_CONVERSION = YES;
				CLANG_WARN_COMMA = YES;
				CLANG_WARN_CONSTANT_CONVERSION = YES;
				CLANG_WARN_DEPRECATED_OBJC_IMPLEMENTATIONS = YES;
				CLANG_WARN_DIRECT_OBJC_ISA_USAGE = YES_ERROR;
				CLANG_WARN_DOCUMENTATION_COMMENTS = YES;
				CLANG_WARN_EMPTY_BODY = YES;
				CLANG_WARN_ENUM_CONVERSION = YES;
				CLANG_WARN_INFINITE_RECURSION = YES;
				CLANG_WARN_INT_CONVERSION = YES;
				CLANG_WARN_NON_LITERAL_NULL_CONVERSION = YES;
				CLANG_WARN_OBJC_IMPLICIT_RETAIN_SELF = YES;
				CLANG_WARN_OBJC_LITERAL_CONVERSION = YES;
				CLANG_WARN_OBJC_ROOT_CLASS = YES_ERROR;
				CLANG_WARN_RANGE_LOOP_ANALYSIS = YES;
				CLANG_WARN_STRICT_PROTOTYPES = YES;
				CLANG_WARN_SUSPICIOUS_MOVE = YES;
				CLANG_WARN_UNGUARDED_AVAILABILITY = YES_AGGRESSIVE;
				CLANG_WARN_UNREACHABLE_CODE = YES;
				CLANG_WARN__DUPLICATE_METHOD_MATCH = YES;
				COPY_PHASE_STRIP = NO;
				DEBUG_INFORMATION_FORMAT = "dwarf-with-dsym";
				ENABLE_NS_ASSERTIONS = NO;
				ENABLE_STRICT_OBJC_MSGSEND = YES;
				GCC_C_LANGUAGE_STANDARD = gnu11;
				GCC_NO_COMMON_BLOCKS = YES;
				GCC_WARN_64_TO_32_BIT_CONVERSION = YES;
				GCC_WARN_ABOUT_RETURN_TYPE = YES_ERROR;
				GCC_WARN_UNDECLARED_SELECTOR = YES;
				GCC_WARN_UNINITIALIZED_AUTOS = YES_AGGRESSIVE;
				GCC_WARN_UNUSED_FUNCTION = YES;
				GCC_WARN_UNUSED_VARIABLE = YES;
				IPHONEOS_DEPLOYMENT_TARGET = 13.2;
				MTL_ENABLE_DEBUG_INFO = NO;
				MTL_FAST_MATH = YES;
				SDKROOT = iphoneos;
				SWIFT_COMPILATION_MODE = wholemodule;
				SWIFT_OPTIMIZATION_LEVEL = "-O";
				VALIDATE_PRODUCT = YES;
			};
			name = Release;
		};
		3DB81FA623BC01D400853EA4 /* Debug */ = {
			isa = XCBuildConfiguration;
			buildSettings = {
				ASSETCATALOG_COMPILER_APPICON_NAME = AppIcon;
				CODE_SIGN_STYLE = Automatic;
				DEVELOPMENT_TEAM = ZXX42Y889S;
				INFOPLIST_FILE = "Download App/Info.plist";
				LD_RUNPATH_SEARCH_PATHS = (
					"$(inherited)",
					"@executable_path/Frameworks",
				);
				PRODUCT_BUNDLE_IDENTIFIER = "msa.Download-App";
				PRODUCT_NAME = "$(TARGET_NAME)";
				SWIFT_VERSION = 5.0;
				TARGETED_DEVICE_FAMILY = "1,2";
			};
			name = Debug;
		};
		3DB81FA723BC01D400853EA4 /* Release */ = {
			isa = XCBuildConfiguration;
			buildSettings = {
				ASSETCATALOG_COMPILER_APPICON_NAME = AppIcon;
				CODE_SIGN_STYLE = Automatic;
				DEVELOPMENT_TEAM = ZXX42Y889S;
				INFOPLIST_FILE = "Download App/Info.plist";
				LD_RUNPATH_SEARCH_PATHS = (
					"$(inherited)",
					"@executable_path/Frameworks",
				);
				PRODUCT_BUNDLE_IDENTIFIER = "msa.Download-App";
				PRODUCT_NAME = "$(TARGET_NAME)";
				SWIFT_VERSION = 5.0;
				TARGETED_DEVICE_FAMILY = "1,2";
			};
			name = Release;
		};
/* End XCBuildConfiguration section */

/* Begin XCConfigurationList section */
		3DB81F8C23BC01D200853EA4 /* Build configuration list for PBXProject "Download App" */ = {
			isa = XCConfigurationList;
			buildConfigurations = (
				3DB81FA323BC01D400853EA4 /* Debug */,
				3DB81FA423BC01D400853EA4 /* Release */,
			);
			defaultConfigurationIsVisible = 0;
			defaultConfigurationName = Release;
		};
		3DB81FA523BC01D400853EA4 /* Build configuration list for PBXNativeTarget "Download App" */ = {
			isa = XCConfigurationList;
			buildConfigurations = (
				3DB81FA623BC01D400853EA4 /* Debug */,
				3DB81FA723BC01D400853EA4 /* Release */,
			);
			defaultConfigurationIsVisible = 0;
			defaultConfigurationName = Release;
		};
/* End XCConfigurationList section */

/* Begin XCRemoteSwiftPackageReference section */
		3DB81FA823BC02A500853EA4 /* XCRemoteSwiftPackageReference "Alamofire" */ = {
			isa = XCRemoteSwiftPackageReference;
			repositoryURL = "https://github.com/Alamofire/Alamofire.git";
			requirement = {
				kind = upToNextMajorVersion;
				minimumVersion = 4.9.1;
			};
		};
		3DB81FCA23BC0BE400853EA4 /* XCRemoteSwiftPackageReference "SDWebImage" */ = {
			isa = XCRemoteSwiftPackageReference;
			repositoryURL = "https://github.com/SDWebImage/SDWebImage.git";
			requirement = {
				kind = upToNextMajorVersion;
				minimumVersion = 5.4.1;
			};
		};
/* End XCRemoteSwiftPackageReference section */

/* Begin XCSwiftPackageProductDependency section */
		3DB81FA923BC02A500853EA4 /* Alamofire */ = {
			isa = XCSwiftPackageProductDependency;
			package = 3DB81FA823BC02A500853EA4 /* XCRemoteSwiftPackageReference "Alamofire" */;
			productName = Alamofire;
		};
		3DB81FCB23BC0BE400853EA4 /* SDWebImage */ = {
			isa = XCSwiftPackageProductDependency;
			package = 3DB81FCA23BC0BE400853EA4 /* XCRemoteSwiftPackageReference "SDWebImage" */;
			productName = SDWebImage;
		};
/* End XCSwiftPackageProductDependency section */

/* Begin XCVersionGroup section */
		3DB81FB223BC041000853EA4 /* Download.xcdatamodeld */ = {
			isa = XCVersionGroup;
			children = (
				3DB81FB323BC041000853EA4 /* Download.xcdatamodel */,
			);
			currentVersion = 3DB81FB323BC041000853EA4 /* Download.xcdatamodel */;
			path = Download.xcdatamodeld;
			sourceTree = "<group>";
			versionGroupType = wrapper.xcdatamodel;
		};
/* End XCVersionGroup section */
	};
	rootObject = 3DB81F8923BC01D200853EA4 /* Project object */;
}
